
Microsoft Visual Studio Solution File, Format Version 12.00
# Visual Studio Version 17
VisualStudioVersion = 17.14.36203.30
MinimumVisualStudioVersion = 10.0.40219.1
Project("{FAE04EC0-301F-11D3-BF4B-00C04F79EFBC}") = "AirbnbApi", "AirbnbApi\AirbnbApi.csproj", "{35365234-95BE-456A-A583-87E5C11DED7F}"
EndProject
Project("{FAE04EC0-301F-11D3-BF4B-00C04F79EFBC}") = "BookWebApi", "BookWebApi\BookWebApi.csproj", "{B3A4BBD5-8892-4A2E-A44C-EF5632B2C500}"
EndProject
Project("{FAE04EC0-301F-11D3-BF4B-00C04F79EFBC}") = "HotelWebApi", "HotelWebApi\HotelWebApi.csproj", "{27B2741B-C638-4526-A283-0F1A8A748B5B}"
EndProject
Project("{FAE04EC0-301F-11D3-BF4B-00C04F79EFBC}") = "UserWebApi", "UserWebApi\UserWebApi.csproj", "{BA21E11B-F720-4A1E-A9C3-06F6331243BF}"
EndProject
Project("{2150E333-8FDC-42A3-9474-1A3956D46DE8}") = "Airbnb", "Airbnb", "{02EA681E-C7D8-13C7-8484-4AC65E1B71E8}"
EndProject
Project("{2150E333-8FDC-42A3-9474-1A3956D46DE8}") = "AirbnbServices", "AirbnbServices", "{1FF3692B-CC10-4BCC-BAE3-70E292734AAA}"
EndProject
Project("{2150E333-8FDC-42A3-9474-1A3956D46DE8}") = "AirbnbMVC", "AirbnbMVC", "{EA2BAC1A-5580-4EAE-8E6D-CD4D033374C3}"
EndProject
Project("{FAE04EC0-301F-11D3-BF4B-00C04F79EFBC}") = "Tripster", "Tripster\Tripster.csproj", "{63419D27-E984-4588-A17E-878E13F48C6B}"
EndProject
Global
	GlobalSection(SolutionConfigurationPlatforms) = preSolution
		Debug|Any CPU = Debug|Any CPU
		Release|Any CPU = Release|Any CPU
	EndGlobalSection
	GlobalSection(ProjectConfigurationPlatforms) = postSolution
		{35365234-95BE-456A-A583-87E5C11DED7F}.Debug|Any CPU.ActiveCfg = Debug|Any CPU
		{35365234-95BE-456A-A583-87E5C11DED7F}.Debug|Any CPU.Build.0 = Debug|Any CPU
		{35365234-95BE-456A-A583-87E5C11DED7F}.Release|Any CPU.ActiveCfg = Release|Any CPU
		{35365234-95BE-456A-A583-87E5C11DED7F}.Release|Any CPU.Build.0 = Release|Any CPU
		{B3A4BBD5-8892-4A2E-A44C-EF5632B2C500}.Debug|Any CPU.ActiveCfg = Debug|Any CPU
		{B3A4BBD5-8892-4A2E-A44C-EF5632B2C500}.Debug|Any CPU.Build.0 = Debug|Any CPU
		{B3A4BBD5-8892-4A2E-A44C-EF5632B2C500}.Release|Any CPU.ActiveCfg = Release|Any CPU
		{B3A4BBD5-8892-4A2E-A44C-EF5632B2C500}.Release|Any CPU.Build.0 = Release|Any CPU
		{27B2741B-C638-4526-A283-0F1A8A748B5B}.Debug|Any CPU.ActiveCfg = Debug|Any CPU
		{27B2741B-C638-4526-A283-0F1A8A748B5B}.Debug|Any CPU.Build.0 = Debug|Any CPU
		{27B2741B-C638-4526-A283-0F1A8A748B5B}.Release|Any CPU.ActiveCfg = Release|Any CPU
		{27B2741B-C638-4526-A283-0F1A8A748B5B}.Release|Any CPU.Build.0 = Release|Any CPU
		{BA21E11B-F720-4A1E-A9C3-06F6331243BF}.Debug|Any CPU.ActiveCfg = Debug|Any CPU
		{BA21E11B-F720-4A1E-A9C3-06F6331243BF}.Debug|Any CPU.Build.0 = Debug|Any CPU
		{BA21E11B-F720-4A1E-A9C3-06F6331243BF}.Release|Any CPU.ActiveCfg = Release|Any CPU
		{BA21E11B-F720-4A1E-A9C3-06F6331243BF}.Release|Any CPU.Build.0 = Release|Any CPU
		{63419D27-E984-4588-A17E-878E13F48C6B}.Debug|Any CPU.ActiveCfg = Debug|Any CPU
		{63419D27-E984-4588-A17E-878E13F48C6B}.Debug|Any CPU.Build.0 = Debug|Any CPU
		{63419D27-E984-4588-A17E-878E13F48C6B}.Release|Any CPU.ActiveCfg = Release|Any CPU
		{63419D27-E984-4588-A17E-878E13F48C6B}.Release|Any CPU.Build.0 = Release|Any CPU
	EndGlobalSection
	GlobalSection(SolutionProperties) = preSolution
		HideSolutionNode = FALSE
	EndGlobalSection
	GlobalSection(NestedProjects) = preSolution
		{35365234-95BE-456A-A583-87E5C11DED7F} = {02EA681E-C7D8-13C7-8484-4AC65E1B71E8}
		{B3A4BBD5-8892-4A2E-A44C-EF5632B2C500} = {1FF3692B-CC10-4BCC-BAE3-70E292734AAA}
		{27B2741B-C638-4526-A283-0F1A8A748B5B} = {1FF3692B-CC10-4BCC-BAE3-70E292734AAA}
		{BA21E11B-F720-4A1E-A9C3-06F6331243BF} = {1FF3692B-CC10-4BCC-BAE3-70E292734AAA}
		{63419D27-E984-4588-A17E-878E13F48C6B} = {EA2BAC1A-5580-4EAE-8E6D-CD4D033374C3}
	EndGlobalSection
	GlobalSection(ExtensibilityGlobals) = postSolution
		SolutionGuid = {D45FC23F-7642-41FB-A44D-F17586780928}
	EndGlobalSection
EndGlobal
